
Microsoft Visual Studio Solution File, Format Version 12.00
# Visual Studio Version 17
VisualStudioVersion = 17.6.33829.357
MinimumVisualStudioVersion = 10.0.40219.1
Project("{FAE04EC0-301F-11D3-BF4B-00C04F79EFBC}") = "Hello World Thread", "Hello World Thread\Hello World Thread.csproj", "{198A516C-AF5F-42C7-8103-BE4B89BA6E90}"
EndProject
Global
	GlobalSection(SolutionConfigurationPlatforms) = preSolution
		Debug|Any CPU = Debug|Any CPU
		Release|Any CPU = Release|Any CPU
	EndGlobalSection
	GlobalSection(ProjectConfigurationPlatforms) = postSolution
		{198A516C-AF5F-42C7-8103-BE4B89BA6E90}.Debug|Any CPU.ActiveCfg = Debug|Any CPU
		{198A516C-AF5F-42C7-8103-BE4B89BA6E90}.Debug|Any CPU.Build.0 = Debug|Any CPU
		{198A516C-AF5F-42C7-8103-BE4B89BA6E90}.Release|Any CPU.ActiveCfg = Release|Any CPU
		{198A516C-AF5F-42C7-8103-BE4B89BA6E90}.Release|Any CPU.Build.0 = Release|Any CPU
	EndGlobalSection
	GlobalSection(SolutionProperties) = preSolution
		HideSolutionNode = FALSE
	EndGlobalSection
	GlobalSection(ExtensibilityGlobals) = postSolution
		SolutionGuid = {F007E6AB-2A59-4D02-97C7-0B11A71EB4C4}
	EndGlobalSection
EndGlobal
